
Microsoft Visual Studio Solution File, Format Version 12.00
# Visual Studio 14
VisualStudioVersion = 14.0.25420.1
MinimumVisualStudioVersion = 10.0.40219.1
Project("{FAE04EC0-301F-11D3-BF4B-00C04F79EFBC}") = "MultiPlayer", "MultiPlayer\MultiPlayer.csproj", "{348807D4-6619-48AF-939A-5F5570BA5475}"
EndProject
Project("{FAE04EC0-301F-11D3-BF4B-00C04F79EFBC}") = "Runner", "Runner\Runner.csproj", "{8A7A2F80-B068-4A28-93CF-B829C8085C9C}"
EndProject
Project("{FAE04EC0-301F-11D3-BF4B-00C04F79EFBC}") = "XamlEditor", "XamlEditor\XamlEditor.csproj", "{096F7348-1A40-460B-BFA3-E57DEADC97A5}"
EndProject
Global
	GlobalSection(SolutionConfigurationPlatforms) = preSolution
		Debug|Any CPU = Debug|Any CPU
		Debug|x86 = Debug|x86
		Release|Any CPU = Release|Any CPU
		Release|x86 = Release|x86
	EndGlobalSection
	GlobalSection(ProjectConfigurationPlatforms) = postSolution
		{348807D4-6619-48AF-939A-5F5570BA5475}.Debug|Any CPU.ActiveCfg = Debug|x86
		{348807D4-6619-48AF-939A-5F5570BA5475}.Debug|x86.ActiveCfg = Debug|x86
		{348807D4-6619-48AF-939A-5F5570BA5475}.Debug|x86.Build.0 = Debug|x86
		{348807D4-6619-48AF-939A-5F5570BA5475}.Release|Any CPU.ActiveCfg = Release|x86
		{348807D4-6619-48AF-939A-5F5570BA5475}.Release|x86.ActiveCfg = Release|x86
		{348807D4-6619-48AF-939A-5F5570BA5475}.Release|x86.Build.0 = Release|x86
		{8A7A2F80-B068-4A28-93CF-B829C8085C9C}.Debug|Any CPU.ActiveCfg = Debug|x86
		{8A7A2F80-B068-4A28-93CF-B829C8085C9C}.Debug|x86.ActiveCfg = Debug|x86
		{8A7A2F80-B068-4A28-93CF-B829C8085C9C}.Debug|x86.Build.0 = Debug|x86
		{8A7A2F80-B068-4A28-93CF-B829C8085C9C}.Release|Any CPU.ActiveCfg = Release|x86
		{8A7A2F80-B068-4A28-93CF-B829C8085C9C}.Release|x86.ActiveCfg = Release|x86
		{8A7A2F80-B068-4A28-93CF-B829C8085C9C}.Release|x86.Build.0 = Release|x86
		{096F7348-1A40-460B-BFA3-E57DEADC97A5}.Debug|Any CPU.ActiveCfg = Debug|Any CPU
		{096F7348-1A40-460B-BFA3-E57DEADC97A5}.Debug|Any CPU.Build.0 = Debug|Any CPU
		{096F7348-1A40-460B-BFA3-E57DEADC97A5}.Debug|x86.ActiveCfg = Debug|Any CPU
		{096F7348-1A40-460B-BFA3-E57DEADC97A5}.Debug|x86.Build.0 = Debug|Any CPU
		{096F7348-1A40-460B-BFA3-E57DEADC97A5}.Release|Any CPU.ActiveCfg = Release|Any CPU
		{096F7348-1A40-460B-BFA3-E57DEADC97A5}.Release|Any CPU.Build.0 = Release|Any CPU
		{096F7348-1A40-460B-BFA3-E57DEADC97A5}.Release|x86.ActiveCfg = Release|Any CPU
		{096F7348-1A40-460B-BFA3-E57DEADC97A5}.Release|x86.Build.0 = Release|Any CPU
	EndGlobalSection
	GlobalSection(SolutionProperties) = preSolution
		HideSolutionNode = FALSE
	EndGlobalSection
EndGlobal
